
Microsoft Visual Studio Solution File, Format Version 11.00
# Visual Studio 2010
Project("{FAE04EC0-301F-11D3-BF4B-00C04F79EFBC}") = "SecretLabs.NETMF.IO", "SecretLabs.NETMF.IO.csproj", "{032000FA-5BA3-4FC9-994F-45B59089C5F2}"
EndProject
Project("{FAE04EC0-301F-11D3-BF4B-00C04F79EFBC}") = "NetduinoTest2", "..\..\..\..\..\TMP\NetduinoTest2\NetduinoTest2\NetduinoTest2.csproj", "{E2A96391-7D5D-4B8D-951B-A1D04720F445}"
EndProject
Global
	GlobalSection(SolutionConfigurationPlatforms) = preSolution
		Debug|Any CPU = Debug|Any CPU
		Release|Any CPU = Release|Any CPU
	EndGlobalSection
	GlobalSection(ProjectConfigurationPlatforms) = postSolution
		{032000FA-5BA3-4FC9-994F-45B59089C5F2}.Debug|Any CPU.ActiveCfg = Debug|Any CPU
		{032000FA-5BA3-4FC9-994F-45B59089C5F2}.Debug|Any CPU.Build.0 = Debug|Any CPU
		{032000FA-5BA3-4FC9-994F-45B59089C5F2}.Release|Any CPU.ActiveCfg = Release|Any CPU
		{032000FA-5BA3-4FC9-994F-45B59089C5F2}.Release|Any CPU.Build.0 = Release|Any CPU
		{E2A96391-7D5D-4B8D-951B-A1D04720F445}.Debug|Any CPU.ActiveCfg = Debug|Any CPU
		{E2A96391-7D5D-4B8D-951B-A1D04720F445}.Debug|Any CPU.Build.0 = Debug|Any CPU
		{E2A96391-7D5D-4B8D-951B-A1D04720F445}.Debug|Any CPU.Deploy.0 = Debug|Any CPU
		{E2A96391-7D5D-4B8D-951B-A1D04720F445}.Release|Any CPU.ActiveCfg = Release|Any CPU
		{E2A96391-7D5D-4B8D-951B-A1D04720F445}.Release|Any CPU.Build.0 = Release|Any CPU
		{E2A96391-7D5D-4B8D-951B-A1D04720F445}.Release|Any CPU.Deploy.0 = Release|Any CPU
	EndGlobalSection
	GlobalSection(SolutionProperties) = preSolution
		HideSolutionNode = FALSE
	EndGlobalSection
EndGlobal
